{
  "name": "ShoesStore",
  "lockfileVersion": 3,
  "requires": true,
  "packages": {
    "": {
      "dependencies": {
        "chart.js": "^4.4.2",
        "feather-icons": "^4.29.1"
      }
    },
    "node_modules/@kurkle/color": {
      "version": "0.3.2",
      "resolved": "https://registry.npmjs.org/@kurkle/color/-/color-0.3.2.tgz",
      "integrity": "sha512-fuscdXJ9G1qb7W8VdHi+IwRqij3lBkosAm4ydQtEmbY58OzHXqQhvlxqEkoz0yssNVn38bcpRWgA9PP+OGoisw=="
    },
    "node_modules/chart.js": {
      "version": "4.4.2",
      "resolved": "https://registry.npmjs.org/chart.js/-/chart.js-4.4.2.tgz",
      "integrity": "sha512-6GD7iKwFpP5kbSD4MeRRRlTnQvxfQREy36uEtm1hzHzcOqwWx0YEHuspuoNlslu+nciLIB7fjjsHkUv/FzFcOg==",
      "dependencies": {
        "@kurkle/color": "^0.3.0"
      },
      "engines": {
        "pnpm": ">=8"
      }
    },
    "node_modules/classnames": {
      "version": "2.5.1",
      "resolved": "https://registry.npmjs.org/classnames/-/classnames-2.5.1.tgz",
      "integrity": "sha512-saHYOzhIQs6wy2sVxTM6bUDsQO4F50V9RQ22qBpEdCW+I+/Wmke2HOl6lS6dTpdxVhb88/I6+Hs+438c3lfUow=="
    },
    "node_modules/core-js": {
      "version": "3.36.1",
      "resolved": "https://registry.npmjs.org/core-js/-/core-js-3.36.1.tgz",
      "integrity": "sha512-BTvUrwxVBezj5SZ3f10ImnX2oRByMxql3EimVqMysepbC9EeMUOpLwdy6Eoili2x6E4kf+ZUB5k/+Jv55alPfA==",
      "hasInstallScript": true,
      "funding": {
        "type": "opencollective",
        "url": "https://opencollective.com/core-js"
      }
    },
    "node_modules/feather-icons": {
      "version": "4.29.1",
      "resolved": "https://registry.npmjs.org/feather-icons/-/feather-icons-4.29.1.tgz",
      "integrity": "sha512-P1we61haGTds6lKWe6CCVPsNULb8tHr1y6S9gXEpU+lNR1Ja7GdV0A1l2hTNmzXv+0Stix/3YMWMAn7n1Qtd6A==",
      "dependencies": {
        "classnames": "^2.2.5",
        "core-js": "^3.1.3"
      }
    }
  }
}
